
Microsoft Visual Studio Solution File, Format Version 11.00
# Visual Studio 2010
Project("{FAE04EC0-301F-11D3-BF4B-00C04F79EFBC}") = "Assembly-CSharp", "Assembly-CSharp.csproj", "{63A60D5F-BB12-19CC-131E-F1FA289585FD}"
EndProject
Project("{FAE04EC0-301F-11D3-BF4B-00C04F79EFBC}") = "Assembly-CSharp-Editor", "Assembly-CSharp-Editor.csproj", "{B0E092CD-C6C2-FE29-3F5C-9AC2362E066B}"
EndProject
Global
	GlobalSection(SolutionConfigurationPlatforms) = preSolution
		Debug|Any CPU = Debug|Any CPU
		Release|Any CPU = Release|Any CPU
	EndGlobalSection
	GlobalSection(ProjectConfigurationPlatforms) = postSolution
		{63A60D5F-BB12-19CC-131E-F1FA289585FD}.Debug|Any CPU.ActiveCfg = Debug|Any CPU
		{63A60D5F-BB12-19CC-131E-F1FA289585FD}.Debug|Any CPU.Build.0 = Debug|Any CPU
		{63A60D5F-BB12-19CC-131E-F1FA289585FD}.Release|Any CPU.ActiveCfg = Release|Any CPU
		{63A60D5F-BB12-19CC-131E-F1FA289585FD}.Release|Any CPU.Build.0 = Release|Any CPU
		{B0E092CD-C6C2-FE29-3F5C-9AC2362E066B}.Debug|Any CPU.ActiveCfg = Debug|Any CPU
		{B0E092CD-C6C2-FE29-3F5C-9AC2362E066B}.Debug|Any CPU.Build.0 = Debug|Any CPU
		{B0E092CD-C6C2-FE29-3F5C-9AC2362E066B}.Release|Any CPU.ActiveCfg = Release|Any CPU
		{B0E092CD-C6C2-FE29-3F5C-9AC2362E066B}.Release|Any CPU.Build.0 = Release|Any CPU
	EndGlobalSection
	GlobalSection(SolutionProperties) = preSolution
		HideSolutionNode = FALSE
	EndGlobalSection
	GlobalSection(MonoDevelopProperties) = preSolution
		StartupItem = Assembly-CSharp.csproj
	EndGlobalSection
EndGlobal
